
Microsoft Visual Studio Solution File, Format Version 12.00
# Visual Studio Version 17
VisualStudioVersion = 17.3.32929.385
MinimumVisualStudioVersion = 10.0.40219.1
Project("{9A19103F-16F7-4668-BE54-9A1E7A4F7556}") = "Ejercicio01", "Ejercicio01\Ejercicio01.csproj", "{F29B7C92-6972-4A3D-B361-37CD19091705}"
EndProject
Project("{FAE04EC0-301F-11D3-BF4B-00C04F79EFBC}") = "Ejercicio02", "Ejercicio02\Ejercicio02.csproj", "{2DAFAD22-D311-4C7B-813D-44486B0E1945}"
EndProject
Global
	GlobalSection(SolutionConfigurationPlatforms) = preSolution
		Debug|Any CPU = Debug|Any CPU
		Release|Any CPU = Release|Any CPU
	EndGlobalSection
	GlobalSection(ProjectConfigurationPlatforms) = postSolution
		{F29B7C92-6972-4A3D-B361-37CD19091705}.Debug|Any CPU.ActiveCfg = Debug|Any CPU
		{F29B7C92-6972-4A3D-B361-37CD19091705}.Debug|Any CPU.Build.0 = Debug|Any CPU
		{F29B7C92-6972-4A3D-B361-37CD19091705}.Release|Any CPU.ActiveCfg = Release|Any CPU
		{F29B7C92-6972-4A3D-B361-37CD19091705}.Release|Any CPU.Build.0 = Release|Any CPU
		{2DAFAD22-D311-4C7B-813D-44486B0E1945}.Debug|Any CPU.ActiveCfg = Debug|Any CPU
		{2DAFAD22-D311-4C7B-813D-44486B0E1945}.Debug|Any CPU.Build.0 = Debug|Any CPU
		{2DAFAD22-D311-4C7B-813D-44486B0E1945}.Release|Any CPU.ActiveCfg = Release|Any CPU
		{2DAFAD22-D311-4C7B-813D-44486B0E1945}.Release|Any CPU.Build.0 = Release|Any CPU
	EndGlobalSection
	GlobalSection(SolutionProperties) = preSolution
		HideSolutionNode = FALSE
	EndGlobalSection
	GlobalSection(ExtensibilityGlobals) = postSolution
		SolutionGuid = {F60FB482-D88F-4E45-84BF-1749C6663E6E}
	EndGlobalSection
EndGlobal
